
Microsoft Visual Studio Solution File, Format Version 12.00
# Visual Studio 2013
VisualStudioVersion = 12.0.21005.1
MinimumVisualStudioVersion = 10.0.40219.1
Project("{FAE04EC0-301F-11D3-BF4B-00C04F79EFBC}") = "[IPC2]Fase2J15_201313819", "[IPC2]Fase2J15_201313819\[IPC2]Fase2J15_201313819.csproj", "{1A631A80-B6E1-4170-9286-D7C24E4A4D99}"
EndProject
Project("{F088123C-0E9E-452A-89E6-6BA2F21D5CAC}") = "ModelingProject1", "ModelingProject1\ModelingProject1.modelproj", "{00C4AA23-B87A-41A9-8672-BB0BC47034D7}"
EndProject
Global
	GlobalSection(SolutionConfigurationPlatforms) = preSolution
		Debug|Any CPU = Debug|Any CPU
		Release|Any CPU = Release|Any CPU
	EndGlobalSection
	GlobalSection(ProjectConfigurationPlatforms) = postSolution
		{1A631A80-B6E1-4170-9286-D7C24E4A4D99}.Debug|Any CPU.ActiveCfg = Debug|Any CPU
		{1A631A80-B6E1-4170-9286-D7C24E4A4D99}.Debug|Any CPU.Build.0 = Debug|Any CPU
		{1A631A80-B6E1-4170-9286-D7C24E4A4D99}.Release|Any CPU.ActiveCfg = Release|Any CPU
		{1A631A80-B6E1-4170-9286-D7C24E4A4D99}.Release|Any CPU.Build.0 = Release|Any CPU
		{00C4AA23-B87A-41A9-8672-BB0BC47034D7}.Debug|Any CPU.ActiveCfg = Debug|Any CPU
		{00C4AA23-B87A-41A9-8672-BB0BC47034D7}.Debug|Any CPU.Build.0 = Debug|Any CPU
		{00C4AA23-B87A-41A9-8672-BB0BC47034D7}.Release|Any CPU.ActiveCfg = Release|Any CPU
		{00C4AA23-B87A-41A9-8672-BB0BC47034D7}.Release|Any CPU.Build.0 = Release|Any CPU
	EndGlobalSection
	GlobalSection(SolutionProperties) = preSolution
		HideSolutionNode = FALSE
	EndGlobalSection
EndGlobal
